
Microsoft Visual Studio Solution File, Format Version 12.00
# Visual Studio 15
VisualStudioVersion = 15.0.28307.572
MinimumVisualStudioVersion = 10.0.40219.1
Project("{FAE04EC0-301F-11D3-BF4B-00C04F79EFBC}") = "ProjetoTesstMySql", "ProjetoTesstMySql\ProjetoTesstMySql.csproj", "{43319986-BA0A-447D-BB62-80BE6F83EF60}"
EndProject
Global
	GlobalSection(SolutionConfigurationPlatforms) = preSolution
		Debug|Any CPU = Debug|Any CPU
		Release|Any CPU = Release|Any CPU
	EndGlobalSection
	GlobalSection(ProjectConfigurationPlatforms) = postSolution
		{43319986-BA0A-447D-BB62-80BE6F83EF60}.Debug|Any CPU.ActiveCfg = Debug|Any CPU
		{43319986-BA0A-447D-BB62-80BE6F83EF60}.Debug|Any CPU.Build.0 = Debug|Any CPU
		{43319986-BA0A-447D-BB62-80BE6F83EF60}.Release|Any CPU.ActiveCfg = Release|Any CPU
		{43319986-BA0A-447D-BB62-80BE6F83EF60}.Release|Any CPU.Build.0 = Release|Any CPU
	EndGlobalSection
	GlobalSection(SolutionProperties) = preSolution
		HideSolutionNode = FALSE
	EndGlobalSection
	GlobalSection(ExtensibilityGlobals) = postSolution
		SolutionGuid = {A4B85DA9-A966-4B1C-9362-B43260D7AA89}
	EndGlobalSection
EndGlobal
